
Microsoft Visual Studio Solution File, Format Version 12.00
# Visual Studio 14
VisualStudioVersion = 14.0.25123.0
MinimumVisualStudioVersion = 10.0.40219.1
Project("{FAE04EC0-301F-11D3-BF4B-00C04F79EFBC}") = "XamarinFormsHelloPCL", "XamarinFormsHelloPCL\XamarinFormsHelloPCL\XamarinFormsHelloPCL.csproj", "{8950A522-7D7D-4425-971A-B6DA94FDE82B}"
EndProject
Project("{FAE04EC0-301F-11D3-BF4B-00C04F79EFBC}") = "XamarinFormsHelloPCL.iOS", "XamarinFormsHelloPCL\XamarinFormsHelloPCL.iOS\XamarinFormsHelloPCL.iOS.csproj", "{B3D55412-D7C9-4DC7-AFAB-68696CBC288F}"
EndProject
Project("{FAE04EC0-301F-11D3-BF4B-00C04F79EFBC}") = "XamarinFormsHelloPCL.Droid", "XamarinFormsHelloPCL\XamarinFormsHelloPCL.Droid\XamarinFormsHelloPCL.Droid.csproj", "{6E188205-C295-4E12-8D0F-C62B19F1BDDC}"
EndProject
Project("{FAE04EC0-301F-11D3-BF4B-00C04F79EFBC}") = "XamarinFormsHelloPCL.WinPhone", "XamarinFormsHelloPCL\XamarinFormsHelloPCL.WinPhone\XamarinFormsHelloPCL.WinPhone.csproj", "{D2E17955-0DB8-414E-89D3-4C7F36CFD505}"
EndProject
Global
	GlobalSection(SolutionConfigurationPlatforms) = preSolution
		Ad-Hoc|Any CPU = Ad-Hoc|Any CPU
		Ad-Hoc|ARM = Ad-Hoc|ARM
		Ad-Hoc|iPhone = Ad-Hoc|iPhone
		Ad-Hoc|iPhoneSimulator = Ad-Hoc|iPhoneSimulator
		Ad-Hoc|x86 = Ad-Hoc|x86
		AppStore|Any CPU = AppStore|Any CPU
		AppStore|ARM = AppStore|ARM
		AppStore|iPhone = AppStore|iPhone
		AppStore|iPhoneSimulator = AppStore|iPhoneSimulator
		AppStore|x86 = AppStore|x86
		Debug|Any CPU = Debug|Any CPU
		Debug|ARM = Debug|ARM
		Debug|iPhone = Debug|iPhone
		Debug|iPhoneSimulator = Debug|iPhoneSimulator
		Debug|x86 = Debug|x86
		Release|Any CPU = Release|Any CPU
		Release|ARM = Release|ARM
		Release|iPhone = Release|iPhone
		Release|iPhoneSimulator = Release|iPhoneSimulator
		Release|x86 = Release|x86
	EndGlobalSection
	GlobalSection(ProjectConfigurationPlatforms) = postSolution
		{8950A522-7D7D-4425-971A-B6DA94FDE82B}.Ad-Hoc|Any CPU.ActiveCfg = Release|Any CPU
		{8950A522-7D7D-4425-971A-B6DA94FDE82B}.Ad-Hoc|Any CPU.Build.0 = Release|Any CPU
		{8950A522-7D7D-4425-971A-B6DA94FDE82B}.Ad-Hoc|ARM.ActiveCfg = Release|Any CPU
		{8950A522-7D7D-4425-971A-B6DA94FDE82B}.Ad-Hoc|ARM.Build.0 = Release|Any CPU
		{8950A522-7D7D-4425-971A-B6DA94FDE82B}.Ad-Hoc|iPhone.ActiveCfg = Release|Any CPU
		{8950A522-7D7D-4425-971A-B6DA94FDE82B}.Ad-Hoc|iPhone.Build.0 = Release|Any CPU
		{8950A522-7D7D-4425-971A-B6DA94FDE82B}.Ad-Hoc|iPhoneSimulator.ActiveCfg = Release|Any CPU
		{8950A522-7D7D-4425-971A-B6DA94FDE82B}.Ad-Hoc|iPhoneSimulator.Build.0 = Release|Any CPU
		{8950A522-7D7D-4425-971A-B6DA94FDE82B}.Ad-Hoc|x86.ActiveCfg = Release|Any CPU
		{8950A522-7D7D-4425-971A-B6DA94FDE82B}.Ad-Hoc|x86.Build.0 = Release|Any CPU
		{8950A522-7D7D-4425-971A-B6DA94FDE82B}.AppStore|Any CPU.ActiveCfg = Release|Any CPU
		{8950A522-7D7D-4425-971A-B6DA94FDE82B}.AppStore|Any CPU.Build.0 = Release|Any CPU
		{8950A522-7D7D-4425-971A-B6DA94FDE82B}.AppStore|ARM.ActiveCfg = Release|Any CPU
		{8950A522-7D7D-4425-971A-B6DA94FDE82B}.AppStore|ARM.Build.0 = Release|Any CPU
		{8950A522-7D7D-4425-971A-B6DA94FDE82B}.AppStore|iPhone.ActiveCfg = Release|Any CPU
		{8950A522-7D7D-4425-971A-B6DA94FDE82B}.AppStore|iPhone.Build.0 = Release|Any CPU
		{8950A522-7D7D-4425-971A-B6DA94FDE82B}.AppStore|iPhoneSimulator.ActiveCfg = Release|Any CPU
		{8950A522-7D7D-4425-971A-B6DA94FDE82B}.AppStore|iPhoneSimulator.Build.0 = Release|Any CPU
		{8950A522-7D7D-4425-971A-B6DA94FDE82B}.AppStore|x86.ActiveCfg = Release|Any CPU
		{8950A522-7D7D-4425-971A-B6DA94FDE82B}.AppStore|x86.Build.0 = Release|Any CPU
		{8950A522-7D7D-4425-971A-B6DA94FDE82B}.Debug|Any CPU.ActiveCfg = Debug|Any CPU
		{8950A522-7D7D-4425-971A-B6DA94FDE82B}.Debug|Any CPU.Build.0 = Debug|Any CPU
		{8950A522-7D7D-4425-971A-B6DA94FDE82B}.Debug|ARM.ActiveCfg = Debug|Any CPU
		{8950A522-7D7D-4425-971A-B6DA94FDE82B}.Debug|ARM.Build.0 = Debug|Any CPU
		{8950A522-7D7D-4425-971A-B6DA94FDE82B}.Debug|iPhone.ActiveCfg = Debug|Any CPU
		{8950A522-7D7D-4425-971A-B6DA94FDE82B}.Debug|iPhone.Build.0 = Debug|Any CPU
		{8950A522-7D7D-4425-971A-B6DA94FDE82B}.Debug|iPhoneSimulator.ActiveCfg = Debug|Any CPU
		{8950A522-7D7D-4425-971A-B6DA94FDE82B}.Debug|iPhoneSimulator.Build.0 = Debug|Any CPU
		{8950A522-7D7D-4425-971A-B6DA94FDE82B}.Debug|x86.ActiveCfg = Debug|Any CPU
		{8950A522-7D7D-4425-971A-B6DA94FDE82B}.Debug|x86.Build.0 = Debug|Any CPU
		{8950A522-7D7D-4425-971A-B6DA94FDE82B}.Release|Any CPU.ActiveCfg = Release|Any CPU
		{8950A522-7D7D-4425-971A-B6DA94FDE82B}.Release|Any CPU.Build.0 = Release|Any CPU
		{8950A522-7D7D-4425-971A-B6DA94FDE82B}.Release|ARM.ActiveCfg = Release|Any CPU
		{8950A522-7D7D-4425-971A-B6DA94FDE82B}.Release|ARM.Build.0 = Release|Any CPU
		{8950A522-7D7D-4425-971A-B6DA94FDE82B}.Release|iPhone.ActiveCfg = Release|Any CPU
		{8950A522-7D7D-4425-971A-B6DA94FDE82B}.Release|iPhone.Build.0 = Release|Any CPU
		{8950A522-7D7D-4425-971A-B6DA94FDE82B}.Release|iPhoneSimulator.ActiveCfg = Release|Any CPU
		{8950A522-7D7D-4425-971A-B6DA94FDE82B}.Release|iPhoneSimulator.Build.0 = Release|Any CPU
		{8950A522-7D7D-4425-971A-B6DA94FDE82B}.Release|x86.ActiveCfg = Release|Any CPU
		{8950A522-7D7D-4425-971A-B6DA94FDE82B}.Release|x86.Build.0 = Release|Any CPU
		{B3D55412-D7C9-4DC7-AFAB-68696CBC288F}.Ad-Hoc|Any CPU.ActiveCfg = Ad-Hoc|iPhone
		{B3D55412-D7C9-4DC7-AFAB-68696CBC288F}.Ad-Hoc|ARM.ActiveCfg = Ad-Hoc|iPhone
		{B3D55412-D7C9-4DC7-AFAB-68696CBC288F}.Ad-Hoc|iPhone.ActiveCfg = Ad-Hoc|iPhone
		{B3D55412-D7C9-4DC7-AFAB-68696CBC288F}.Ad-Hoc|iPhone.Build.0 = Ad-Hoc|iPhone
		{B3D55412-D7C9-4DC7-AFAB-68696CBC288F}.Ad-Hoc|iPhoneSimulator.ActiveCfg = Ad-Hoc|iPhoneSimulator
		{B3D55412-D7C9-4DC7-AFAB-68696CBC288F}.Ad-Hoc|iPhoneSimulator.Build.0 = Ad-Hoc|iPhoneSimulator
		{B3D55412-D7C9-4DC7-AFAB-68696CBC288F}.Ad-Hoc|x86.ActiveCfg = Ad-Hoc|iPhone
		{B3D55412-D7C9-4DC7-AFAB-68696CBC288F}.AppStore|Any CPU.ActiveCfg = AppStore|iPhone
		{B3D55412-D7C9-4DC7-AFAB-68696CBC288F}.AppStore|ARM.ActiveCfg = AppStore|iPhone
		{B3D55412-D7C9-4DC7-AFAB-68696CBC288F}.AppStore|iPhone.ActiveCfg = AppStore|iPhone
		{B3D55412-D7C9-4DC7-AFAB-68696CBC288F}.AppStore|iPhone.Build.0 = AppStore|iPhone
		{B3D55412-D7C9-4DC7-AFAB-68696CBC288F}.AppStore|iPhoneSimulator.ActiveCfg = AppStore|iPhoneSimulator
		{B3D55412-D7C9-4DC7-AFAB-68696CBC288F}.AppStore|iPhoneSimulator.Build.0 = AppStore|iPhoneSimulator
		{B3D55412-D7C9-4DC7-AFAB-68696CBC288F}.AppStore|x86.ActiveCfg = AppStore|iPhone
		{B3D55412-D7C9-4DC7-AFAB-68696CBC288F}.Debug|Any CPU.ActiveCfg = Debug|iPhone
		{B3D55412-D7C9-4DC7-AFAB-68696CBC288F}.Debug|ARM.ActiveCfg = Debug|iPhone
		{B3D55412-D7C9-4DC7-AFAB-68696CBC288F}.Debug|iPhone.ActiveCfg = Debug|iPhone
		{B3D55412-D7C9-4DC7-AFAB-68696CBC288F}.Debug|iPhone.Build.0 = Debug|iPhone
		{B3D55412-D7C9-4DC7-AFAB-68696CBC288F}.Debug|iPhoneSimulator.ActiveCfg = Debug|iPhoneSimulator
		{B3D55412-D7C9-4DC7-AFAB-68696CBC288F}.Debug|iPhoneSimulator.Build.0 = Debug|iPhoneSimulator
		{B3D55412-D7C9-4DC7-AFAB-68696CBC288F}.Debug|x86.ActiveCfg = Debug|iPhone
		{B3D55412-D7C9-4DC7-AFAB-68696CBC288F}.Release|Any CPU.ActiveCfg = Release|iPhone
		{B3D55412-D7C9-4DC7-AFAB-68696CBC288F}.Release|ARM.ActiveCfg = Release|iPhone
		{B3D55412-D7C9-4DC7-AFAB-68696CBC288F}.Release|iPhone.ActiveCfg = Release|iPhone
		{B3D55412-D7C9-4DC7-AFAB-68696CBC288F}.Release|iPhone.Build.0 = Release|iPhone
		{B3D55412-D7C9-4DC7-AFAB-68696CBC288F}.Release|iPhoneSimulator.ActiveCfg = Release|iPhoneSimulator
		{B3D55412-D7C9-4DC7-AFAB-68696CBC288F}.Release|iPhoneSimulator.Build.0 = Release|iPhoneSimulator
		{B3D55412-D7C9-4DC7-AFAB-68696CBC288F}.Release|x86.ActiveCfg = Release|iPhone
		{6E188205-C295-4E12-8D0F-C62B19F1BDDC}.Ad-Hoc|Any CPU.ActiveCfg = Release|Any CPU
		{6E188205-C295-4E12-8D0F-C62B19F1BDDC}.Ad-Hoc|Any CPU.Build.0 = Release|Any CPU
		{6E188205-C295-4E12-8D0F-C62B19F1BDDC}.Ad-Hoc|Any CPU.Deploy.0 = Release|Any CPU
		{6E188205-C295-4E12-8D0F-C62B19F1BDDC}.Ad-Hoc|ARM.ActiveCfg = Release|Any CPU
		{6E188205-C295-4E12-8D0F-C62B19F1BDDC}.Ad-Hoc|ARM.Build.0 = Release|Any CPU
		{6E188205-C295-4E12-8D0F-C62B19F1BDDC}.Ad-Hoc|ARM.Deploy.0 = Release|Any CPU
		{6E188205-C295-4E12-8D0F-C62B19F1BDDC}.Ad-Hoc|iPhone.ActiveCfg = Release|Any CPU
		{6E188205-C295-4E12-8D0F-C62B19F1BDDC}.Ad-Hoc|iPhone.Build.0 = Release|Any CPU
		{6E188205-C295-4E12-8D0F-C62B19F1BDDC}.Ad-Hoc|iPhone.Deploy.0 = Release|Any CPU
		{6E188205-C295-4E12-8D0F-C62B19F1BDDC}.Ad-Hoc|iPhoneSimulator.ActiveCfg = Release|Any CPU
		{6E188205-C295-4E12-8D0F-C62B19F1BDDC}.Ad-Hoc|iPhoneSimulator.Build.0 = Release|Any CPU
		{6E188205-C295-4E12-8D0F-C62B19F1BDDC}.Ad-Hoc|iPhoneSimulator.Deploy.0 = Release|Any CPU
		{6E188205-C295-4E12-8D0F-C62B19F1BDDC}.Ad-Hoc|x86.ActiveCfg = Release|Any CPU
		{6E188205-C295-4E12-8D0F-C62B19F1BDDC}.Ad-Hoc|x86.Build.0 = Release|Any CPU
		{6E188205-C295-4E12-8D0F-C62B19F1BDDC}.Ad-Hoc|x86.Deploy.0 = Release|Any CPU
		{6E188205-C295-4E12-8D0F-C62B19F1BDDC}.AppStore|Any CPU.ActiveCfg = Release|Any CPU
		{6E188205-C295-4E12-8D0F-C62B19F1BDDC}.AppStore|Any CPU.Build.0 = Release|Any CPU
		{6E188205-C295-4E12-8D0F-C62B19F1BDDC}.AppStore|Any CPU.Deploy.0 = Release|Any CPU
		{6E188205-C295-4E12-8D0F-C62B19F1BDDC}.AppStore|ARM.ActiveCfg = Release|Any CPU
		{6E188205-C295-4E12-8D0F-C62B19F1BDDC}.AppStore|ARM.Build.0 = Release|Any CPU
		{6E188205-C295-4E12-8D0F-C62B19F1BDDC}.AppStore|ARM.Deploy.0 = Release|Any CPU
		{6E188205-C295-4E12-8D0F-C62B19F1BDDC}.AppStore|iPhone.ActiveCfg = Release|Any CPU
		{6E188205-C295-4E12-8D0F-C62B19F1BDDC}.AppStore|iPhone.Build.0 = Release|Any CPU
		{6E188205-C295-4E12-8D0F-C62B19F1BDDC}.AppStore|iPhone.Deploy.0 = Release|Any CPU
		{6E188205-C295-4E12-8D0F-C62B19F1BDDC}.AppStore|iPhoneSimulator.ActiveCfg = Release|Any CPU
		{6E188205-C295-4E12-8D0F-C62B19F1BDDC}.AppStore|iPhoneSimulator.Build.0 = Release|Any CPU
		{6E188205-C295-4E12-8D0F-C62B19F1BDDC}.AppStore|iPhoneSimulator.Deploy.0 = Release|Any CPU
		{6E188205-C295-4E12-8D0F-C62B19F1BDDC}.AppStore|x86.ActiveCfg = Release|Any CPU
		{6E188205-C295-4E12-8D0F-C62B19F1BDDC}.AppStore|x86.Build.0 = Release|Any CPU
		{6E188205-C295-4E12-8D0F-C62B19F1BDDC}.AppStore|x86.Deploy.0 = Release|Any CPU
		{6E188205-C295-4E12-8D0F-C62B19F1BDDC}.Debug|Any CPU.ActiveCfg = Debug|Any CPU
		{6E188205-C295-4E12-8D0F-C62B19F1BDDC}.Debug|Any CPU.Build.0 = Debug|Any CPU
		{6E188205-C295-4E12-8D0F-C62B19F1BDDC}.Debug|Any CPU.Deploy.0 = Debug|Any CPU
		{6E188205-C295-4E12-8D0F-C62B19F1BDDC}.Debug|ARM.ActiveCfg = Debug|Any CPU
		{6E188205-C295-4E12-8D0F-C62B19F1BDDC}.Debug|ARM.Build.0 = Debug|Any CPU
		{6E188205-C295-4E12-8D0F-C62B19F1BDDC}.Debug|ARM.Deploy.0 = Debug|Any CPU
		{6E188205-C295-4E12-8D0F-C62B19F1BDDC}.Debug|iPhone.ActiveCfg = Debug|Any CPU
		{6E188205-C295-4E12-8D0F-C62B19F1BDDC}.Debug|iPhone.Build.0 = Debug|Any CPU
		{6E188205-C295-4E12-8D0F-C62B19F1BDDC}.Debug|iPhone.Deploy.0 = Debug|Any CPU
		{6E188205-C295-4E12-8D0F-C62B19F1BDDC}.Debug|iPhoneSimulator.ActiveCfg = Debug|Any CPU
		{6E188205-C295-4E12-8D0F-C62B19F1BDDC}.Debug|iPhoneSimulator.Build.0 = Debug|Any CPU
		{6E188205-C295-4E12-8D0F-C62B19F1BDDC}.Debug|iPhoneSimulator.Deploy.0 = Debug|Any CPU
		{6E188205-C295-4E12-8D0F-C62B19F1BDDC}.Debug|x86.ActiveCfg = Debug|Any CPU
		{6E188205-C295-4E12-8D0F-C62B19F1BDDC}.Debug|x86.Build.0 = Debug|Any CPU
		{6E188205-C295-4E12-8D0F-C62B19F1BDDC}.Debug|x86.Deploy.0 = Debug|Any CPU
		{6E188205-C295-4E12-8D0F-C62B19F1BDDC}.Release|Any CPU.ActiveCfg = Release|Any CPU
		{6E188205-C295-4E12-8D0F-C62B19F1BDDC}.Release|Any CPU.Build.0 = Release|Any CPU
		{6E188205-C295-4E12-8D0F-C62B19F1BDDC}.Release|Any CPU.Deploy.0 = Release|Any CPU
		{6E188205-C295-4E12-8D0F-C62B19F1BDDC}.Release|ARM.ActiveCfg = Release|Any CPU
		{6E188205-C295-4E12-8D0F-C62B19F1BDDC}.Release|ARM.Build.0 = Release|Any CPU
		{6E188205-C295-4E12-8D0F-C62B19F1BDDC}.Release|ARM.Deploy.0 = Release|Any CPU
		{6E188205-C295-4E12-8D0F-C62B19F1BDDC}.Release|iPhone.ActiveCfg = Release|Any CPU
		{6E188205-C295-4E12-8D0F-C62B19F1BDDC}.Release|iPhone.Build.0 = Release|Any CPU
		{6E188205-C295-4E12-8D0F-C62B19F1BDDC}.Release|iPhone.Deploy.0 = Release|Any CPU
		{6E188205-C295-4E12-8D0F-C62B19F1BDDC}.Release|iPhoneSimulator.ActiveCfg = Release|Any CPU
		{6E188205-C295-4E12-8D0F-C62B19F1BDDC}.Release|iPhoneSimulator.Build.0 = Release|Any CPU
		{6E188205-C295-4E12-8D0F-C62B19F1BDDC}.Release|iPhoneSimulator.Deploy.0 = Release|Any CPU
		{6E188205-C295-4E12-8D0F-C62B19F1BDDC}.Release|x86.ActiveCfg = Release|Any CPU
		{6E188205-C295-4E12-8D0F-C62B19F1BDDC}.Release|x86.Build.0 = Release|Any CPU
		{6E188205-C295-4E12-8D0F-C62B19F1BDDC}.Release|x86.Deploy.0 = Release|Any CPU
		{D2E17955-0DB8-414E-89D3-4C7F36CFD505}.Ad-Hoc|Any CPU.ActiveCfg = Release|Any CPU
		{D2E17955-0DB8-414E-89D3-4C7F36CFD505}.Ad-Hoc|Any CPU.Build.0 = Release|Any CPU
		{D2E17955-0DB8-414E-89D3-4C7F36CFD505}.Ad-Hoc|Any CPU.Deploy.0 = Release|Any CPU
		{D2E17955-0DB8-414E-89D3-4C7F36CFD505}.Ad-Hoc|ARM.ActiveCfg = Release|ARM
		{D2E17955-0DB8-414E-89D3-4C7F36CFD505}.Ad-Hoc|ARM.Build.0 = Release|ARM
		{D2E17955-0DB8-414E-89D3-4C7F36CFD505}.Ad-Hoc|ARM.Deploy.0 = Release|ARM
		{D2E17955-0DB8-414E-89D3-4C7F36CFD505}.Ad-Hoc|iPhone.ActiveCfg = Release|Any CPU
		{D2E17955-0DB8-414E-89D3-4C7F36CFD505}.Ad-Hoc|iPhone.Build.0 = Release|Any CPU
		{D2E17955-0DB8-414E-89D3-4C7F36CFD505}.Ad-Hoc|iPhone.Deploy.0 = Release|Any CPU
		{D2E17955-0DB8-414E-89D3-4C7F36CFD505}.Ad-Hoc|iPhoneSimulator.ActiveCfg = Release|Any CPU
		{D2E17955-0DB8-414E-89D3-4C7F36CFD505}.Ad-Hoc|iPhoneSimulator.Build.0 = Release|Any CPU
		{D2E17955-0DB8-414E-89D3-4C7F36CFD505}.Ad-Hoc|iPhoneSimulator.Deploy.0 = Release|Any CPU
		{D2E17955-0DB8-414E-89D3-4C7F36CFD505}.Ad-Hoc|x86.ActiveCfg = Release|x86
		{D2E17955-0DB8-414E-89D3-4C7F36CFD505}.Ad-Hoc|x86.Build.0 = Release|x86
		{D2E17955-0DB8-414E-89D3-4C7F36CFD505}.Ad-Hoc|x86.Deploy.0 = Release|x86
		{D2E17955-0DB8-414E-89D3-4C7F36CFD505}.AppStore|Any CPU.ActiveCfg = Release|Any CPU
		{D2E17955-0DB8-414E-89D3-4C7F36CFD505}.AppStore|Any CPU.Build.0 = Release|Any CPU
		{D2E17955-0DB8-414E-89D3-4C7F36CFD505}.AppStore|Any CPU.Deploy.0 = Release|Any CPU
		{D2E17955-0DB8-414E-89D3-4C7F36CFD505}.AppStore|ARM.ActiveCfg = Release|ARM
		{D2E17955-0DB8-414E-89D3-4C7F36CFD505}.AppStore|ARM.Build.0 = Release|ARM
		{D2E17955-0DB8-414E-89D3-4C7F36CFD505}.AppStore|ARM.Deploy.0 = Release|ARM
		{D2E17955-0DB8-414E-89D3-4C7F36CFD505}.AppStore|iPhone.ActiveCfg = Release|Any CPU
		{D2E17955-0DB8-414E-89D3-4C7F36CFD505}.AppStore|iPhone.Build.0 = Release|Any CPU
		{D2E17955-0DB8-414E-89D3-4C7F36CFD505}.AppStore|iPhone.Deploy.0 = Release|Any CPU
		{D2E17955-0DB8-414E-89D3-4C7F36CFD505}.AppStore|iPhoneSimulator.ActiveCfg = Release|Any CPU
		{D2E17955-0DB8-414E-89D3-4C7F36CFD505}.AppStore|iPhoneSimulator.Build.0 = Release|Any CPU
		{D2E17955-0DB8-414E-89D3-4C7F36CFD505}.AppStore|iPhoneSimulator.Deploy.0 = Release|Any CPU
		{D2E17955-0DB8-414E-89D3-4C7F36CFD505}.AppStore|x86.ActiveCfg = Release|x86
		{D2E17955-0DB8-414E-89D3-4C7F36CFD505}.AppStore|x86.Build.0 = Release|x86
		{D2E17955-0DB8-414E-89D3-4C7F36CFD505}.AppStore|x86.Deploy.0 = Release|x86
		{D2E17955-0DB8-414E-89D3-4C7F36CFD505}.Debug|Any CPU.ActiveCfg = Debug|Any CPU
		{D2E17955-0DB8-414E-89D3-4C7F36CFD505}.Debug|Any CPU.Build.0 = Debug|Any CPU
		{D2E17955-0DB8-414E-89D3-4C7F36CFD505}.Debug|Any CPU.Deploy.0 = Debug|Any CPU
		{D2E17955-0DB8-414E-89D3-4C7F36CFD505}.Debug|ARM.ActiveCfg = Debug|ARM
		{D2E17955-0DB8-414E-89D3-4C7F36CFD505}.Debug|ARM.Build.0 = Debug|ARM
		{D2E17955-0DB8-414E-89D3-4C7F36CFD505}.Debug|ARM.Deploy.0 = Debug|ARM
		{D2E17955-0DB8-414E-89D3-4C7F36CFD505}.Debug|iPhone.ActiveCfg = Debug|Any CPU
		{D2E17955-0DB8-414E-89D3-4C7F36CFD505}.Debug|iPhone.Build.0 = Debug|Any CPU
		{D2E17955-0DB8-414E-89D3-4C7F36CFD505}.Debug|iPhone.Deploy.0 = Debug|Any CPU
		{D2E17955-0DB8-414E-89D3-4C7F36CFD505}.Debug|iPhoneSimulator.ActiveCfg = Debug|Any CPU
		{D2E17955-0DB8-414E-89D3-4C7F36CFD505}.Debug|iPhoneSimulator.Build.0 = Debug|Any CPU
		{D2E17955-0DB8-414E-89D3-4C7F36CFD505}.Debug|iPhoneSimulator.Deploy.0 = Debug|Any CPU
		{D2E17955-0DB8-414E-89D3-4C7F36CFD505}.Debug|x86.ActiveCfg = Debug|x86
		{D2E17955-0DB8-414E-89D3-4C7F36CFD505}.Debug|x86.Build.0 = Debug|x86
		{D2E17955-0DB8-414E-89D3-4C7F36CFD505}.Debug|x86.Deploy.0 = Debug|x86
		{D2E17955-0DB8-414E-89D3-4C7F36CFD505}.Release|Any CPU.ActiveCfg = Release|Any CPU
		{D2E17955-0DB8-414E-89D3-4C7F36CFD505}.Release|Any CPU.Build.0 = Release|Any CPU
		{D2E17955-0DB8-414E-89D3-4C7F36CFD505}.Release|Any CPU.Deploy.0 = Release|Any CPU
		{D2E17955-0DB8-414E-89D3-4C7F36CFD505}.Release|ARM.ActiveCfg = Release|ARM
		{D2E17955-0DB8-414E-89D3-4C7F36CFD505}.Release|ARM.Build.0 = Release|ARM
		{D2E17955-0DB8-414E-89D3-4C7F36CFD505}.Release|ARM.Deploy.0 = Release|ARM
		{D2E17955-0DB8-414E-89D3-4C7F36CFD505}.Release|iPhone.ActiveCfg = Release|Any CPU
		{D2E17955-0DB8-414E-89D3-4C7F36CFD505}.Release|iPhone.Build.0 = Release|Any CPU
		{D2E17955-0DB8-414E-89D3-4C7F36CFD505}.Release|iPhone.Deploy.0 = Release|Any CPU
		{D2E17955-0DB8-414E-89D3-4C7F36CFD505}.Release|iPhoneSimulator.ActiveCfg = Release|Any CPU
		{D2E17955-0DB8-414E-89D3-4C7F36CFD505}.Release|iPhoneSimulator.Build.0 = Release|Any CPU
		{D2E17955-0DB8-414E-89D3-4C7F36CFD505}.Release|iPhoneSimulator.Deploy.0 = Release|Any CPU
		{D2E17955-0DB8-414E-89D3-4C7F36CFD505}.Release|x86.ActiveCfg = Release|x86
		{D2E17955-0DB8-414E-89D3-4C7F36CFD505}.Release|x86.Build.0 = Release|x86
		{D2E17955-0DB8-414E-89D3-4C7F36CFD505}.Release|x86.Deploy.0 = Release|x86
	EndGlobalSection
	GlobalSection(SolutionProperties) = preSolution
		HideSolutionNode = FALSE
	EndGlobalSection
EndGlobal
